
Microsoft Visual Studio Solution File, Format Version 12.00
# Visual Studio Version 16
VisualStudioVersion = 16.0.31019.35
MinimumVisualStudioVersion = 10.0.40219.1
Project("{FAE04EC0-301F-11D3-BF4B-00C04F79EFBC}") = "Hein_Kroese_GADE6122_POE1", "Hein_Kroese_GADE6122_POE1\Hein_Kroese_GADE6122_POE1.csproj", "{B8C3B1B5-9217-4EE7-8114-00029FD829BE}"
EndProject
Global
	GlobalSection(SolutionConfigurationPlatforms) = preSolution
		Debug|Any CPU = Debug|Any CPU
		Release|Any CPU = Release|Any CPU
	EndGlobalSection
	GlobalSection(ProjectConfigurationPlatforms) = postSolution
		{B8C3B1B5-9217-4EE7-8114-00029FD829BE}.Debug|Any CPU.ActiveCfg = Debug|Any CPU
		{B8C3B1B5-9217-4EE7-8114-00029FD829BE}.Debug|Any CPU.Build.0 = Debug|Any CPU
		{B8C3B1B5-9217-4EE7-8114-00029FD829BE}.Release|Any CPU.ActiveCfg = Release|Any CPU
		{B8C3B1B5-9217-4EE7-8114-00029FD829BE}.Release|Any CPU.Build.0 = Release|Any CPU
	EndGlobalSection
	GlobalSection(SolutionProperties) = preSolution
		HideSolutionNode = FALSE
	EndGlobalSection
	GlobalSection(ExtensibilityGlobals) = postSolution
		SolutionGuid = {8B31A418-43B7-4C06-BC2A-72B74B6645B1}
	EndGlobalSection
EndGlobal
